
Microsoft Visual Studio Solution File, Format Version 12.00
# Visual Studio Version 17
VisualStudioVersion = 17.3.32901.215
MinimumVisualStudioVersion = 10.0.40219.1
Project("{FAE04EC0-301F-11D3-BF4B-00C04F79EFBC}") = "ENISdotNet", "ENISdotNet\ENISdotNet.csproj", "{BE6B089F-35A6-49FD-AF6F-D87AAEFEC2EE}"
EndProject
Global
	GlobalSection(SolutionConfigurationPlatforms) = preSolution
		Debug|Any CPU = Debug|Any CPU
		Release|Any CPU = Release|Any CPU
	EndGlobalSection
	GlobalSection(ProjectConfigurationPlatforms) = postSolution
		{BE6B089F-35A6-49FD-AF6F-D87AAEFEC2EE}.Debug|Any CPU.ActiveCfg = Debug|Any CPU
		{BE6B089F-35A6-49FD-AF6F-D87AAEFEC2EE}.Debug|Any CPU.Build.0 = Debug|Any CPU
		{BE6B089F-35A6-49FD-AF6F-D87AAEFEC2EE}.Release|Any CPU.ActiveCfg = Release|Any CPU
		{BE6B089F-35A6-49FD-AF6F-D87AAEFEC2EE}.Release|Any CPU.Build.0 = Release|Any CPU
	EndGlobalSection
	GlobalSection(SolutionProperties) = preSolution
		HideSolutionNode = FALSE
	EndGlobalSection
	GlobalSection(ExtensibilityGlobals) = postSolution
		SolutionGuid = {A9EB4D90-BEF3-4025-BDCB-7487078E4926}
	EndGlobalSection
EndGlobal
